
Microsoft Visual Studio Solution File, Format Version 12.00
# Visual Studio 14
VisualStudioVersion = 14.0.25420.1
MinimumVisualStudioVersion = 10.0.40219.1
Project("{8BC9CEB8-8B4A-11D0-8D11-00A0C91BC942}") = "CodeGround1", "CodeGround\CodeGround.vcxproj", "{DB7B6FFD-EAF9-443B-87E6-87AA9C07D448}"
EndProject
Project("{8BC9CEB8-8B4A-11D0-8D11-00A0C91BC942}") = "CodeGround2", "CodeGround2\CodeGround2.vcxproj", "{45C8FA11-65CD-4B3C-A5D3-C8013DAC0160}"
EndProject
Project("{8BC9CEB8-8B4A-11D0-8D11-00A0C91BC942}") = "CodeGround3", "CodeGround3\CodeGround3.vcxproj", "{26764B2C-7DA2-49AB-90AC-021C78572DA8}"
EndProject
Project("{8BC9CEB8-8B4A-11D0-8D11-00A0C91BC942}") = "CodeGround4", "CodeGround4\CodeGround4.vcxproj", "{E117AC3F-0ACB-45EA-9E37-4BE7B233BAAA}"
EndProject
Project("{8BC9CEB8-8B4A-11D0-8D11-00A0C91BC942}") = "CodeGround5", "CodeGround5\CodeGround5.vcxproj", "{CAC1841F-6751-4B60-9FD5-CD1F5B8FD4E3}"
EndProject
Project("{8BC9CEB8-8B4A-11D0-8D11-00A0C91BC942}") = "CodeGround6", "CodeGround6\CodeGround6.vcxproj", "{FB923E9D-CB90-429B-985E-F6967F9F5C84}"
EndProject
Project("{8BC9CEB8-8B4A-11D0-8D11-00A0C91BC942}") = "SW_Test_1949", "SW_Test_1949\SW_Test_1949.vcxproj", "{13405992-8DC7-4A35-9E01-D7A09B0BDC5C}"
EndProject
Project("{8BC9CEB8-8B4A-11D0-8D11-00A0C91BC942}") = "SW_Test_1226", "SW_Test_1226\SW_Test_1226.vcxproj", "{C451460A-3D65-446A-AD08-0E332D995972}"
EndProject
Project("{8BC9CEB8-8B4A-11D0-8D11-00A0C91BC942}") = "SW_Test_1227", "SW_Test_1227\SW_Test_1227.vcxproj", "{11CF9B8B-A28B-437B-B0A7-9253E8D71201}"
EndProject
Project("{8BC9CEB8-8B4A-11D0-8D11-00A0C91BC942}") = "SW_Test_1953", "SW_Test_1953\SW_Test_1953.vcxproj", "{39EAB594-C5AB-42AF-A131-A5FB29F8170D}"
EndProject
Project("{8BC9CEB8-8B4A-11D0-8D11-00A0C91BC942}") = "SW_Test_2105", "SW_Test_2105\SW_Test_2105.vcxproj", "{3E79100B-6824-454F-A6A7-DAD167C8C0A0}"
EndProject
Project("{8BC9CEB8-8B4A-11D0-8D11-00A0C91BC942}") = "SW_Test_1204", "SW_Test_1204\SW_Test_1204.vcxproj", "{9EFB8940-B530-448C-8CC2-6DFBA4828179}"
EndProject
Project("{8BC9CEB8-8B4A-11D0-8D11-00A0C91BC942}") = "SW_Test_1206", "SW_Test_1206\SW_Test_1206.vcxproj", "{A70F0D36-81E1-47D3-91FE-A207407FFBBE}"
EndProject
Project("{8BC9CEB8-8B4A-11D0-8D11-00A0C91BC942}") = "SW_Test_1974", "SW_Test_1974\SW_Test_1974.vcxproj", "{EE3CD459-C1AE-4FB9-B097-26C5C74170AD}"
EndProject
Project("{8BC9CEB8-8B4A-11D0-8D11-00A0C91BC942}") = "SW_Test_1954", "SW_Test_1954\SW_Test_1954.vcxproj", "{7B25D602-D6CA-40B6-AD9B-5953ADB68FA9}"
EndProject
Project("{8BC9CEB8-8B4A-11D0-8D11-00A0C91BC942}") = "SW_Test_1209", "SW_Test_1209\SW_Test_1209.vcxproj", "{DF6BBCA8-CE71-46E9-9138-1AC19E5F53B8}"
EndProject
Project("{8BC9CEB8-8B4A-11D0-8D11-00A0C91BC942}") = "SW_Test_2112", "SW_Test_2112\SW_Test_2112.vcxproj", "{9FDC0256-F34B-44BD-9275-5AC23FA439A8}"
EndProject
Project("{8BC9CEB8-8B4A-11D0-8D11-00A0C91BC942}") = "SW_Test_2819", "SW_Test_2819\SW_Test_2819.vcxproj", "{45DB849F-312F-44BD-8C64-C341502849D3}"
EndProject
Project("{8BC9CEB8-8B4A-11D0-8D11-00A0C91BC942}") = "SW_Test_1798", "SW_Test_1798\SW_Test_1798.vcxproj", "{AE05F2BE-6B48-4385-AA77-ACF031BBD627}"
EndProject
Global
	GlobalSection(SolutionConfigurationPlatforms) = preSolution
		Debug|x64 = Debug|x64
		Debug|x86 = Debug|x86
		Release|x64 = Release|x64
		Release|x86 = Release|x86
	EndGlobalSection
	GlobalSection(ProjectConfigurationPlatforms) = postSolution
		{DB7B6FFD-EAF9-443B-87E6-87AA9C07D448}.Debug|x64.ActiveCfg = Debug|x64
		{DB7B6FFD-EAF9-443B-87E6-87AA9C07D448}.Debug|x64.Build.0 = Debug|x64
		{DB7B6FFD-EAF9-443B-87E6-87AA9C07D448}.Debug|x86.ActiveCfg = Debug|Win32
		{DB7B6FFD-EAF9-443B-87E6-87AA9C07D448}.Debug|x86.Build.0 = Debug|Win32
		{DB7B6FFD-EAF9-443B-87E6-87AA9C07D448}.Release|x64.ActiveCfg = Release|x64
		{DB7B6FFD-EAF9-443B-87E6-87AA9C07D448}.Release|x64.Build.0 = Release|x64
		{DB7B6FFD-EAF9-443B-87E6-87AA9C07D448}.Release|x86.ActiveCfg = Release|Win32
		{DB7B6FFD-EAF9-443B-87E6-87AA9C07D448}.Release|x86.Build.0 = Release|Win32
		{45C8FA11-65CD-4B3C-A5D3-C8013DAC0160}.Debug|x64.ActiveCfg = Debug|x64
		{45C8FA11-65CD-4B3C-A5D3-C8013DAC0160}.Debug|x64.Build.0 = Debug|x64
		{45C8FA11-65CD-4B3C-A5D3-C8013DAC0160}.Debug|x86.ActiveCfg = Debug|Win32
		{45C8FA11-65CD-4B3C-A5D3-C8013DAC0160}.Debug|x86.Build.0 = Debug|Win32
		{45C8FA11-65CD-4B3C-A5D3-C8013DAC0160}.Release|x64.ActiveCfg = Release|x64
		{45C8FA11-65CD-4B3C-A5D3-C8013DAC0160}.Release|x64.Build.0 = Release|x64
		{45C8FA11-65CD-4B3C-A5D3-C8013DAC0160}.Release|x86.ActiveCfg = Release|Win32
		{45C8FA11-65CD-4B3C-A5D3-C8013DAC0160}.Release|x86.Build.0 = Release|Win32
		{26764B2C-7DA2-49AB-90AC-021C78572DA8}.Debug|x64.ActiveCfg = Debug|x64
		{26764B2C-7DA2-49AB-90AC-021C78572DA8}.Debug|x64.Build.0 = Debug|x64
		{26764B2C-7DA2-49AB-90AC-021C78572DA8}.Debug|x86.ActiveCfg = Debug|Win32
		{26764B2C-7DA2-49AB-90AC-021C78572DA8}.Debug|x86.Build.0 = Debug|Win32
		{26764B2C-7DA2-49AB-90AC-021C78572DA8}.Release|x64.ActiveCfg = Release|x64
		{26764B2C-7DA2-49AB-90AC-021C78572DA8}.Release|x64.Build.0 = Release|x64
		{26764B2C-7DA2-49AB-90AC-021C78572DA8}.Release|x86.ActiveCfg = Release|Win32
		{26764B2C-7DA2-49AB-90AC-021C78572DA8}.Release|x86.Build.0 = Release|Win32
		{E117AC3F-0ACB-45EA-9E37-4BE7B233BAAA}.Debug|x64.ActiveCfg = Debug|x64
		{E117AC3F-0ACB-45EA-9E37-4BE7B233BAAA}.Debug|x64.Build.0 = Debug|x64
		{E117AC3F-0ACB-45EA-9E37-4BE7B233BAAA}.Debug|x86.ActiveCfg = Debug|Win32
		{E117AC3F-0ACB-45EA-9E37-4BE7B233BAAA}.Debug|x86.Build.0 = Debug|Win32
		{E117AC3F-0ACB-45EA-9E37-4BE7B233BAAA}.Release|x64.ActiveCfg = Release|x64
		{E117AC3F-0ACB-45EA-9E37-4BE7B233BAAA}.Release|x64.Build.0 = Release|x64
		{E117AC3F-0ACB-45EA-9E37-4BE7B233BAAA}.Release|x86.ActiveCfg = Release|Win32
		{E117AC3F-0ACB-45EA-9E37-4BE7B233BAAA}.Release|x86.Build.0 = Release|Win32
		{CAC1841F-6751-4B60-9FD5-CD1F5B8FD4E3}.Debug|x64.ActiveCfg = Debug|x64
		{CAC1841F-6751-4B60-9FD5-CD1F5B8FD4E3}.Debug|x64.Build.0 = Debug|x64
		{CAC1841F-6751-4B60-9FD5-CD1F5B8FD4E3}.Debug|x86.ActiveCfg = Debug|Win32
		{CAC1841F-6751-4B60-9FD5-CD1F5B8FD4E3}.Debug|x86.Build.0 = Debug|Win32
		{CAC1841F-6751-4B60-9FD5-CD1F5B8FD4E3}.Release|x64.ActiveCfg = Release|x64
		{CAC1841F-6751-4B60-9FD5-CD1F5B8FD4E3}.Release|x64.Build.0 = Release|x64
		{CAC1841F-6751-4B60-9FD5-CD1F5B8FD4E3}.Release|x86.ActiveCfg = Release|Win32
		{CAC1841F-6751-4B60-9FD5-CD1F5B8FD4E3}.Release|x86.Build.0 = Release|Win32
		{FB923E9D-CB90-429B-985E-F6967F9F5C84}.Debug|x64.ActiveCfg = Debug|x64
		{FB923E9D-CB90-429B-985E-F6967F9F5C84}.Debug|x64.Build.0 = Debug|x64
		{FB923E9D-CB90-429B-985E-F6967F9F5C84}.Debug|x86.ActiveCfg = Debug|Win32
		{FB923E9D-CB90-429B-985E-F6967F9F5C84}.Debug|x86.Build.0 = Debug|Win32
		{FB923E9D-CB90-429B-985E-F6967F9F5C84}.Release|x64.ActiveCfg = Release|x64
		{FB923E9D-CB90-429B-985E-F6967F9F5C84}.Release|x64.Build.0 = Release|x64
		{FB923E9D-CB90-429B-985E-F6967F9F5C84}.Release|x86.ActiveCfg = Release|Win32
		{FB923E9D-CB90-429B-985E-F6967F9F5C84}.Release|x86.Build.0 = Release|Win32
		{13405992-8DC7-4A35-9E01-D7A09B0BDC5C}.Debug|x64.ActiveCfg = Debug|x64
		{13405992-8DC7-4A35-9E01-D7A09B0BDC5C}.Debug|x64.Build.0 = Debug|x64
		{13405992-8DC7-4A35-9E01-D7A09B0BDC5C}.Debug|x86.ActiveCfg = Debug|Win32
		{13405992-8DC7-4A35-9E01-D7A09B0BDC5C}.Debug|x86.Build.0 = Debug|Win32
		{13405992-8DC7-4A35-9E01-D7A09B0BDC5C}.Release|x64.ActiveCfg = Release|x64
		{13405992-8DC7-4A35-9E01-D7A09B0BDC5C}.Release|x64.Build.0 = Release|x64
		{13405992-8DC7-4A35-9E01-D7A09B0BDC5C}.Release|x86.ActiveCfg = Release|Win32
		{13405992-8DC7-4A35-9E01-D7A09B0BDC5C}.Release|x86.Build.0 = Release|Win32
		{C451460A-3D65-446A-AD08-0E332D995972}.Debug|x64.ActiveCfg = Debug|x64
		{C451460A-3D65-446A-AD08-0E332D995972}.Debug|x64.Build.0 = Debug|x64
		{C451460A-3D65-446A-AD08-0E332D995972}.Debug|x86.ActiveCfg = Debug|Win32
		{C451460A-3D65-446A-AD08-0E332D995972}.Debug|x86.Build.0 = Debug|Win32
		{C451460A-3D65-446A-AD08-0E332D995972}.Release|x64.ActiveCfg = Release|x64
		{C451460A-3D65-446A-AD08-0E332D995972}.Release|x64.Build.0 = Release|x64
		{C451460A-3D65-446A-AD08-0E332D995972}.Release|x86.ActiveCfg = Release|Win32
		{C451460A-3D65-446A-AD08-0E332D995972}.Release|x86.Build.0 = Release|Win32
		{11CF9B8B-A28B-437B-B0A7-9253E8D71201}.Debug|x64.ActiveCfg = Debug|x64
		{11CF9B8B-A28B-437B-B0A7-9253E8D71201}.Debug|x64.Build.0 = Debug|x64
		{11CF9B8B-A28B-437B-B0A7-9253E8D71201}.Debug|x86.ActiveCfg = Debug|Win32
		{11CF9B8B-A28B-437B-B0A7-9253E8D71201}.Debug|x86.Build.0 = Debug|Win32
		{11CF9B8B-A28B-437B-B0A7-9253E8D71201}.Release|x64.ActiveCfg = Release|x64
		{11CF9B8B-A28B-437B-B0A7-9253E8D71201}.Release|x64.Build.0 = Release|x64
		{11CF9B8B-A28B-437B-B0A7-9253E8D71201}.Release|x86.ActiveCfg = Release|Win32
		{11CF9B8B-A28B-437B-B0A7-9253E8D71201}.Release|x86.Build.0 = Release|Win32
		{39EAB594-C5AB-42AF-A131-A5FB29F8170D}.Debug|x64.ActiveCfg = Debug|x64
		{39EAB594-C5AB-42AF-A131-A5FB29F8170D}.Debug|x64.Build.0 = Debug|x64
		{39EAB594-C5AB-42AF-A131-A5FB29F8170D}.Debug|x86.ActiveCfg = Debug|Win32
		{39EAB594-C5AB-42AF-A131-A5FB29F8170D}.Debug|x86.Build.0 = Debug|Win32
		{39EAB594-C5AB-42AF-A131-A5FB29F8170D}.Release|x64.ActiveCfg = Release|x64
		{39EAB594-C5AB-42AF-A131-A5FB29F8170D}.Release|x64.Build.0 = Release|x64
		{39EAB594-C5AB-42AF-A131-A5FB29F8170D}.Release|x86.ActiveCfg = Release|Win32
		{39EAB594-C5AB-42AF-A131-A5FB29F8170D}.Release|x86.Build.0 = Release|Win32
		{3E79100B-6824-454F-A6A7-DAD167C8C0A0}.Debug|x64.ActiveCfg = Debug|x64
		{3E79100B-6824-454F-A6A7-DAD167C8C0A0}.Debug|x64.Build.0 = Debug|x64
		{3E79100B-6824-454F-A6A7-DAD167C8C0A0}.Debug|x86.ActiveCfg = Debug|Win32
		{3E79100B-6824-454F-A6A7-DAD167C8C0A0}.Debug|x86.Build.0 = Debug|Win32
		{3E79100B-6824-454F-A6A7-DAD167C8C0A0}.Release|x64.ActiveCfg = Release|x64
		{3E79100B-6824-454F-A6A7-DAD167C8C0A0}.Release|x64.Build.0 = Release|x64
		{3E79100B-6824-454F-A6A7-DAD167C8C0A0}.Release|x86.ActiveCfg = Release|Win32
		{3E79100B-6824-454F-A6A7-DAD167C8C0A0}.Release|x86.Build.0 = Release|Win32
		{9EFB8940-B530-448C-8CC2-6DFBA4828179}.Debug|x64.ActiveCfg = Debug|x64
		{9EFB8940-B530-448C-8CC2-6DFBA4828179}.Debug|x64.Build.0 = Debug|x64
		{9EFB8940-B530-448C-8CC2-6DFBA4828179}.Debug|x86.ActiveCfg = Debug|Win32
		{9EFB8940-B530-448C-8CC2-6DFBA4828179}.Debug|x86.Build.0 = Debug|Win32
		{9EFB8940-B530-448C-8CC2-6DFBA4828179}.Release|x64.ActiveCfg = Release|x64
		{9EFB8940-B530-448C-8CC2-6DFBA4828179}.Release|x64.Build.0 = Release|x64
		{9EFB8940-B530-448C-8CC2-6DFBA4828179}.Release|x86.ActiveCfg = Release|Win32
		{9EFB8940-B530-448C-8CC2-6DFBA4828179}.Release|x86.Build.0 = Release|Win32
		{A70F0D36-81E1-47D3-91FE-A207407FFBBE}.Debug|x64.ActiveCfg = Debug|x64
		{A70F0D36-81E1-47D3-91FE-A207407FFBBE}.Debug|x64.Build.0 = Debug|x64
		{A70F0D36-81E1-47D3-91FE-A207407FFBBE}.Debug|x86.ActiveCfg = Debug|Win32
		{A70F0D36-81E1-47D3-91FE-A207407FFBBE}.Debug|x86.Build.0 = Debug|Win32
		{A70F0D36-81E1-47D3-91FE-A207407FFBBE}.Release|x64.ActiveCfg = Release|x64
		{A70F0D36-81E1-47D3-91FE-A207407FFBBE}.Release|x64.Build.0 = Release|x64
		{A70F0D36-81E1-47D3-91FE-A207407FFBBE}.Release|x86.ActiveCfg = Release|Win32
		{A70F0D36-81E1-47D3-91FE-A207407FFBBE}.Release|x86.Build.0 = Release|Win32
		{EE3CD459-C1AE-4FB9-B097-26C5C74170AD}.Debug|x64.ActiveCfg = Debug|x64
		{EE3CD459-C1AE-4FB9-B097-26C5C74170AD}.Debug|x64.Build.0 = Debug|x64
		{EE3CD459-C1AE-4FB9-B097-26C5C74170AD}.Debug|x86.ActiveCfg = Debug|Win32
		{EE3CD459-C1AE-4FB9-B097-26C5C74170AD}.Debug|x86.Build.0 = Debug|Win32
		{EE3CD459-C1AE-4FB9-B097-26C5C74170AD}.Release|x64.ActiveCfg = Release|x64
		{EE3CD459-C1AE-4FB9-B097-26C5C74170AD}.Release|x64.Build.0 = Release|x64
		{EE3CD459-C1AE-4FB9-B097-26C5C74170AD}.Release|x86.ActiveCfg = Release|Win32
		{EE3CD459-C1AE-4FB9-B097-26C5C74170AD}.Release|x86.Build.0 = Release|Win32
		{7B25D602-D6CA-40B6-AD9B-5953ADB68FA9}.Debug|x64.ActiveCfg = Debug|x64
		{7B25D602-D6CA-40B6-AD9B-5953ADB68FA9}.Debug|x64.Build.0 = Debug|x64
		{7B25D602-D6CA-40B6-AD9B-5953ADB68FA9}.Debug|x86.ActiveCfg = Debug|Win32
		{7B25D602-D6CA-40B6-AD9B-5953ADB68FA9}.Debug|x86.Build.0 = Debug|Win32
		{7B25D602-D6CA-40B6-AD9B-5953ADB68FA9}.Release|x64.ActiveCfg = Release|x64
		{7B25D602-D6CA-40B6-AD9B-5953ADB68FA9}.Release|x64.Build.0 = Release|x64
		{7B25D602-D6CA-40B6-AD9B-5953ADB68FA9}.Release|x86.ActiveCfg = Release|Win32
		{7B25D602-D6CA-40B6-AD9B-5953ADB68FA9}.Release|x86.Build.0 = Release|Win32
		{DF6BBCA8-CE71-46E9-9138-1AC19E5F53B8}.Debug|x64.ActiveCfg = Debug|x64
		{DF6BBCA8-CE71-46E9-9138-1AC19E5F53B8}.Debug|x64.Build.0 = Debug|x64
		{DF6BBCA8-CE71-46E9-9138-1AC19E5F53B8}.Debug|x86.ActiveCfg = Debug|Win32
		{DF6BBCA8-CE71-46E9-9138-1AC19E5F53B8}.Debug|x86.Build.0 = Debug|Win32
		{DF6BBCA8-CE71-46E9-9138-1AC19E5F53B8}.Release|x64.ActiveCfg = Release|x64
		{DF6BBCA8-CE71-46E9-9138-1AC19E5F53B8}.Release|x64.Build.0 = Release|x64
		{DF6BBCA8-CE71-46E9-9138-1AC19E5F53B8}.Release|x86.ActiveCfg = Release|Win32
		{DF6BBCA8-CE71-46E9-9138-1AC19E5F53B8}.Release|x86.Build.0 = Release|Win32
		{9FDC0256-F34B-44BD-9275-5AC23FA439A8}.Debug|x64.ActiveCfg = Debug|x64
		{9FDC0256-F34B-44BD-9275-5AC23FA439A8}.Debug|x64.Build.0 = Debug|x64
		{9FDC0256-F34B-44BD-9275-5AC23FA439A8}.Debug|x86.ActiveCfg = Debug|Win32
		{9FDC0256-F34B-44BD-9275-5AC23FA439A8}.Debug|x86.Build.0 = Debug|Win32
		{9FDC0256-F34B-44BD-9275-5AC23FA439A8}.Release|x64.ActiveCfg = Release|x64
		{9FDC0256-F34B-44BD-9275-5AC23FA439A8}.Release|x64.Build.0 = Release|x64
		{9FDC0256-F34B-44BD-9275-5AC23FA439A8}.Release|x86.ActiveCfg = Release|Win32
		{9FDC0256-F34B-44BD-9275-5AC23FA439A8}.Release|x86.Build.0 = Release|Win32
		{45DB849F-312F-44BD-8C64-C341502849D3}.Debug|x64.ActiveCfg = Debug|x64
		{45DB849F-312F-44BD-8C64-C341502849D3}.Debug|x64.Build.0 = Debug|x64
		{45DB849F-312F-44BD-8C64-C341502849D3}.Debug|x86.ActiveCfg = Debug|Win32
		{45DB849F-312F-44BD-8C64-C341502849D3}.Debug|x86.Build.0 = Debug|Win32
		{45DB849F-312F-44BD-8C64-C341502849D3}.Release|x64.ActiveCfg = Release|x64
		{45DB849F-312F-44BD-8C64-C341502849D3}.Release|x64.Build.0 = Release|x64
		{45DB849F-312F-44BD-8C64-C341502849D3}.Release|x86.ActiveCfg = Release|Win32
		{45DB849F-312F-44BD-8C64-C341502849D3}.Release|x86.Build.0 = Release|Win32
		{AE05F2BE-6B48-4385-AA77-ACF031BBD627}.Debug|x64.ActiveCfg = Debug|x64
		{AE05F2BE-6B48-4385-AA77-ACF031BBD627}.Debug|x64.Build.0 = Debug|x64
		{AE05F2BE-6B48-4385-AA77-ACF031BBD627}.Debug|x86.ActiveCfg = Debug|Win32
		{AE05F2BE-6B48-4385-AA77-ACF031BBD627}.Debug|x86.Build.0 = Debug|Win32
		{AE05F2BE-6B48-4385-AA77-ACF031BBD627}.Release|x64.ActiveCfg = Release|x64
		{AE05F2BE-6B48-4385-AA77-ACF031BBD627}.Release|x64.Build.0 = Release|x64
		{AE05F2BE-6B48-4385-AA77-ACF031BBD627}.Release|x86.ActiveCfg = Release|Win32
		{AE05F2BE-6B48-4385-AA77-ACF031BBD627}.Release|x86.Build.0 = Release|Win32
	EndGlobalSection
	GlobalSection(SolutionProperties) = preSolution
		HideSolutionNode = FALSE
	EndGlobalSection
EndGlobal
